
Microsoft Visual Studio Solution File, Format Version 12.00
# Visual Studio Version 17
VisualStudioVersion = 17.3.32825.248
MinimumVisualStudioVersion = 10.0.40219.1
Project("{FAE04EC0-301F-11D3-BF4B-00C04F79EFBC}") = "ShoppingAppMVC", "ShoppingAppMVC\ShoppingAppMVC.csproj", "{C178F436-BAF7-409C-9004-3894D8C436EE}"
EndProject
Global
	GlobalSection(SolutionConfigurationPlatforms) = preSolution
		Debug|Any CPU = Debug|Any CPU
		Release|Any CPU = Release|Any CPU
	EndGlobalSection
	GlobalSection(ProjectConfigurationPlatforms) = postSolution
		{C178F436-BAF7-409C-9004-3894D8C436EE}.Debug|Any CPU.ActiveCfg = Debug|Any CPU
		{C178F436-BAF7-409C-9004-3894D8C436EE}.Debug|Any CPU.Build.0 = Debug|Any CPU
		{C178F436-BAF7-409C-9004-3894D8C436EE}.Release|Any CPU.ActiveCfg = Release|Any CPU
		{C178F436-BAF7-409C-9004-3894D8C436EE}.Release|Any CPU.Build.0 = Release|Any CPU
	EndGlobalSection
	GlobalSection(SolutionProperties) = preSolution
		HideSolutionNode = FALSE
	EndGlobalSection
	GlobalSection(ExtensibilityGlobals) = postSolution
		SolutionGuid = {A5C50222-0AD4-4E33-989D-01A71D98C5A5}
	EndGlobalSection
EndGlobal
